
Microsoft Visual Studio Solution File, Format Version 12.00
# Visual Studio 14
VisualStudioVersion = 14.0.22609.0
MinimumVisualStudioVersion = 10.0.40219.1
Project("{FAE04EC0-301F-11D3-BF4B-00C04F79EFBC}") = "Komrad.Revolver", "Komrad.Revolver\Komrad.Revolver.csproj", "{97AAA0F0-F7FC-4C09-A9AB-D738BE3D78BA}"
EndProject
Project("{FAE04EC0-301F-11D3-BF4B-00C04F79EFBC}") = "Komrad.Revolver.Tests", "sources\Komrad.Revolver.Tests\Komrad.Revolver.Tests.csproj", "{FFAD8B57-90A5-4681-A88E-1510D31E6048}"
EndProject
Global
	GlobalSection(SolutionConfigurationPlatforms) = preSolution
		Debug|Any CPU = Debug|Any CPU
		Release|Any CPU = Release|Any CPU
	EndGlobalSection
	GlobalSection(ProjectConfigurationPlatforms) = postSolution
		{97AAA0F0-F7FC-4C09-A9AB-D738BE3D78BA}.Debug|Any CPU.ActiveCfg = Debug|Any CPU
		{97AAA0F0-F7FC-4C09-A9AB-D738BE3D78BA}.Debug|Any CPU.Build.0 = Debug|Any CPU
		{97AAA0F0-F7FC-4C09-A9AB-D738BE3D78BA}.Release|Any CPU.ActiveCfg = Release|Any CPU
		{97AAA0F0-F7FC-4C09-A9AB-D738BE3D78BA}.Release|Any CPU.Build.0 = Release|Any CPU
		{FFAD8B57-90A5-4681-A88E-1510D31E6048}.Debug|Any CPU.ActiveCfg = Debug|Any CPU
		{FFAD8B57-90A5-4681-A88E-1510D31E6048}.Debug|Any CPU.Build.0 = Debug|Any CPU
		{FFAD8B57-90A5-4681-A88E-1510D31E6048}.Release|Any CPU.ActiveCfg = Release|Any CPU
		{FFAD8B57-90A5-4681-A88E-1510D31E6048}.Release|Any CPU.Build.0 = Release|Any CPU
	EndGlobalSection
	GlobalSection(SolutionProperties) = preSolution
		HideSolutionNode = FALSE
	EndGlobalSection
EndGlobal
